
Microsoft Visual Studio Solution File, Format Version 12.00
# Visual Studio Version 16
VisualStudioVersion = 16.0.30907.101
MinimumVisualStudioVersion = 10.0.40219.1
Project("{9A19103F-16F7-4668-BE54-9A1E7A4F7556}") = "GoodNewsAggregator", "GoodNewsAggregator\GoodNewsAggregator.csproj", "{BE3A0C2B-8BB3-4E75-B56D-7707DD115F85}"
EndProject
Project("{9A19103F-16F7-4668-BE54-9A1E7A4F7556}") = "GoodNewsAggregator.DAL.Core", "GoodNewsAggregator.DAL.Core\GoodNewsAggregator.DAL.Core.csproj", "{F0E8E0DA-AB07-437B-94B1-5E4BA97F81DE}"
EndProject
Project("{2150E333-8FDC-42A3-9474-1A3956D46DE8}") = "Data Access Layer", "Data Access Layer", "{FDBC9333-719A-4F78-B616-4493A824A866}"
EndProject
Project("{2150E333-8FDC-42A3-9474-1A3956D46DE8}") = "Core", "Core", "{A9955BEF-8F22-4BB7-A2F5-A332AA2D38D0}"
EndProject
Project("{9A19103F-16F7-4668-BE54-9A1E7A4F7556}") = "GoodNewsAggregator.Core.DTO", "GoodNewsAggregator.Core.DTO\GoodNewsAggregator.Core.DTO.csproj", "{989E70A9-51FE-40EA-8542-2296C31DAA92}"
EndProject
Project("{9A19103F-16F7-4668-BE54-9A1E7A4F7556}") = "GoodNewsAggregator.Core.Services.Implementation", "GoodNewsAggregator.Core.Services.Implementation\GoodNewsAggregator.Core.Services.Implementation.csproj", "{E3643315-680C-498A-8032-F0E374DDDDB9}"
EndProject
Project("{9A19103F-16F7-4668-BE54-9A1E7A4F7556}") = "GoodNewsAggregator.Core.Services.Interfaces", "GoodNewsAggregator.Core.Services.Interfaces\GoodNewsAggregator.Core.Services.Interfaces.csproj", "{1B462C55-DC94-4EDC-A72C-99DDC3D33779}"
EndProject
Project("{9A19103F-16F7-4668-BE54-9A1E7A4F7556}") = "GoodNewsAggregator.DAL.Repositories.Implementation", "GoodNewsAggregator.DAL.Repositories.Implementation\GoodNewsAggregator.DAL.Repositories.Implementation.csproj", "{7F6058FF-3594-4228-96A9-72CEB5048906}"
EndProject
Project("{9A19103F-16F7-4668-BE54-9A1E7A4F7556}") = "GoodNewsAggregator.DAL.Repositories.Interfaces", "GoodNewsAggregator.DAL.Repositories.Interfaces\GoodNewsAggregator.DAL.Repositories.Interfaces.csproj", "{C1F29CAD-B451-46D3-A8DE-51BD0D4BF90E}"
EndProject
Global
	GlobalSection(SolutionConfigurationPlatforms) = preSolution
		Debug|Any CPU = Debug|Any CPU
		Release|Any CPU = Release|Any CPU
	EndGlobalSection
	GlobalSection(ProjectConfigurationPlatforms) = postSolution
		{BE3A0C2B-8BB3-4E75-B56D-7707DD115F85}.Debug|Any CPU.ActiveCfg = Debug|Any CPU
		{BE3A0C2B-8BB3-4E75-B56D-7707DD115F85}.Debug|Any CPU.Build.0 = Debug|Any CPU
		{BE3A0C2B-8BB3-4E75-B56D-7707DD115F85}.Release|Any CPU.ActiveCfg = Release|Any CPU
		{BE3A0C2B-8BB3-4E75-B56D-7707DD115F85}.Release|Any CPU.Build.0 = Release|Any CPU
		{F0E8E0DA-AB07-437B-94B1-5E4BA97F81DE}.Debug|Any CPU.ActiveCfg = Debug|Any CPU
		{F0E8E0DA-AB07-437B-94B1-5E4BA97F81DE}.Debug|Any CPU.Build.0 = Debug|Any CPU
		{F0E8E0DA-AB07-437B-94B1-5E4BA97F81DE}.Release|Any CPU.ActiveCfg = Release|Any CPU
		{F0E8E0DA-AB07-437B-94B1-5E4BA97F81DE}.Release|Any CPU.Build.0 = Release|Any CPU
		{989E70A9-51FE-40EA-8542-2296C31DAA92}.Debug|Any CPU.ActiveCfg = Debug|Any CPU
		{989E70A9-51FE-40EA-8542-2296C31DAA92}.Debug|Any CPU.Build.0 = Debug|Any CPU
		{989E70A9-51FE-40EA-8542-2296C31DAA92}.Release|Any CPU.ActiveCfg = Release|Any CPU
		{989E70A9-51FE-40EA-8542-2296C31DAA92}.Release|Any CPU.Build.0 = Release|Any CPU
		{E3643315-680C-498A-8032-F0E374DDDDB9}.Debug|Any CPU.ActiveCfg = Debug|Any CPU
		{E3643315-680C-498A-8032-F0E374DDDDB9}.Debug|Any CPU.Build.0 = Debug|Any CPU
		{E3643315-680C-498A-8032-F0E374DDDDB9}.Release|Any CPU.ActiveCfg = Release|Any CPU
		{E3643315-680C-498A-8032-F0E374DDDDB9}.Release|Any CPU.Build.0 = Release|Any CPU
		{1B462C55-DC94-4EDC-A72C-99DDC3D33779}.Debug|Any CPU.ActiveCfg = Debug|Any CPU
		{1B462C55-DC94-4EDC-A72C-99DDC3D33779}.Debug|Any CPU.Build.0 = Debug|Any CPU
		{1B462C55-DC94-4EDC-A72C-99DDC3D33779}.Release|Any CPU.ActiveCfg = Release|Any CPU
		{1B462C55-DC94-4EDC-A72C-99DDC3D33779}.Release|Any CPU.Build.0 = Release|Any CPU
		{7F6058FF-3594-4228-96A9-72CEB5048906}.Debug|Any CPU.ActiveCfg = Debug|Any CPU
		{7F6058FF-3594-4228-96A9-72CEB5048906}.Debug|Any CPU.Build.0 = Debug|Any CPU
		{7F6058FF-3594-4228-96A9-72CEB5048906}.Release|Any CPU.ActiveCfg = Release|Any CPU
		{7F6058FF-3594-4228-96A9-72CEB5048906}.Release|Any CPU.Build.0 = Release|Any CPU
		{C1F29CAD-B451-46D3-A8DE-51BD0D4BF90E}.Debug|Any CPU.ActiveCfg = Debug|Any CPU
		{C1F29CAD-B451-46D3-A8DE-51BD0D4BF90E}.Debug|Any CPU.Build.0 = Debug|Any CPU
		{C1F29CAD-B451-46D3-A8DE-51BD0D4BF90E}.Release|Any CPU.ActiveCfg = Release|Any CPU
		{C1F29CAD-B451-46D3-A8DE-51BD0D4BF90E}.Release|Any CPU.Build.0 = Release|Any CPU
	EndGlobalSection
	GlobalSection(SolutionProperties) = preSolution
		HideSolutionNode = FALSE
	EndGlobalSection
	GlobalSection(NestedProjects) = preSolution
		{F0E8E0DA-AB07-437B-94B1-5E4BA97F81DE} = {FDBC9333-719A-4F78-B616-4493A824A866}
		{989E70A9-51FE-40EA-8542-2296C31DAA92} = {A9955BEF-8F22-4BB7-A2F5-A332AA2D38D0}
		{E3643315-680C-498A-8032-F0E374DDDDB9} = {A9955BEF-8F22-4BB7-A2F5-A332AA2D38D0}
		{1B462C55-DC94-4EDC-A72C-99DDC3D33779} = {A9955BEF-8F22-4BB7-A2F5-A332AA2D38D0}
		{7F6058FF-3594-4228-96A9-72CEB5048906} = {FDBC9333-719A-4F78-B616-4493A824A866}
		{C1F29CAD-B451-46D3-A8DE-51BD0D4BF90E} = {FDBC9333-719A-4F78-B616-4493A824A866}
	EndGlobalSection
	GlobalSection(ExtensibilityGlobals) = postSolution
		SolutionGuid = {7EDF0453-D89B-4D0A-A9AD-13A13CC1AA9B}
	EndGlobalSection
EndGlobal
